{
  "name": "node-demo1",
  "version": "1.0.0",
  "lockfileVersion": 1,
  "requires": true,
  "dependencies": {
    "clone": {
      "version": "1.0.4",
      "resolved": "https://registry.npm.taobao.org/clone/download/clone-1.0.4.tgz",
      "integrity": "sha1-2jCcwmPfFZlMaIypAheco8fNfH4="
    },
    "csv-parse": {
      "version": "4.6.5",
      "resolved": "https://registry.npm.taobao.org/csv-parse/download/csv-parse-4.6.5.tgz",
      "integrity": "sha1-5RdRZt2IPW2J4prYF0pjIkywIYI=",
      "requires": {
        "pad": "^3.2.0"
      }
    },
    "defaults": {
      "version": "1.0.3",
      "resolved": "https://registry.npm.taobao.org/defaults/download/defaults-1.0.3.tgz",
      "integrity": "sha1-xlYFHpgX2f8I7YgUd/P+QBnz730=",
      "requires": {
        "clone": "^1.0.2"
      }
    },
    "iconv-lite": {
      "version": "0.5.0",
      "resolved": "https://registry.npm.taobao.org/iconv-lite/download/iconv-lite-0.5.0.tgz",
      "integrity": "sha1-Wc3eCiopfMKusMZEWhle6J8SdVA=",
      "requires": {
        "safer-buffer": ">= 2.1.2 < 3"
      }
    },
    "pad": {
      "version": "3.2.0",
      "resolved": "https://registry.npm.taobao.org/pad/download/pad-3.2.0.tgz",
      "integrity": "sha1-vnodHLZ1cEm0rVtw5xl3FY/qldE=",
      "requires": {
        "wcwidth": "^1.0.1"
      }
    },
    "safer-buffer": {
      "version": "2.1.2",
      "resolved": "https://registry.npm.taobao.org/safer-buffer/download/safer-buffer-2.1.2.tgz?cache=0&other_urls=https%3A%2F%2Fregistry.npm.taobao.org%2Fsafer-buffer%2Fdownload%2Fsafer-buffer-2.1.2.tgz",
      "integrity": "sha1-RPoWGwGHuVSd2Eu5GAL5vYOFzWo="
    },
    "wcwidth": {
      "version": "1.0.1",
      "resolved": "https://registry.npm.taobao.org/wcwidth/download/wcwidth-1.0.1.tgz",
      "integrity": "sha1-8LDc+RW8X/FSivrbLA4XtTLaL+g=",
      "requires": {
        "defaults": "^1.0.3"
      }
    }
  }
}
